{
  "version": 4,
  "kotlin": "2.3.20",
  "jvm_target": "25",
  "dependencies": {
    "com.akuleshov7:ktoml-core": {
      "version": "0.7.1",
      "sha256": "c22cb661eefc75e30007a1b08d37c4e93a157f7f3a950a478251632c0af6050d"
    },
    "com.michael-bull.kotlin-result:kotlin-result": {
      "version": "2.3.1",
      "sha256": "96289c225b06d20156a0695432afc104f187ab68c84e9b8bed7af573e5194c83"
    },
    "org.jetbrains.kotlin:kotlin-build-tools-api": {
      "version": "2.3.20",
      "sha256": "22f1ab223854b949099f6b259cef541d5b58a3643df9a49c4577c63c416e843b"
    },
    "org.jetbrains.kotlin:kotlin-stdlib": {
      "version": "2.3.20",
      "sha256": "0ae12504a5040ebaf37703908483420d1a5624dd1d93f357665f8c77c848a01e"
    },
    "org.jetbrains.kotlinx:kotlinx-datetime-jvm": {
      "version": "0.7.1-0.6.x-compat",
      "sha256": "cf9cdf7b3074044657a1a80bc1bb5280b58545a967ac7fe42b1aa3cf93305714",
      "transitive": true
    },
    "org.jetbrains.kotlinx:kotlinx-serialization-core-jvm": {
      "version": "1.9.0",
      "sha256": "1f0afa172110e45a7231ef1b44ae8fd84c1ebaff96f3fc3ad68ef8c48120b59c",
      "transitive": true
    },
    "org.jetbrains.kotlinx:kotlinx-serialization-json": {
      "version": "1.7.3",
      "sha256": "b1e9138499ed8d20375edda3f2b1c95f3103a258eff6af9edc5ea07100f2b29c"
    },
    "org.jetbrains:annotations": {
      "version": "13.0",
      "sha256": "ace2a10dc8e2d5fd34925ecac03e4988b2c0f851650c94b8cef49ba1bd111478",
      "transitive": true
    }
  }
}
